
Microsoft Visual Studio Solution File, Format Version 12.00
# Visual Studio 2012
Project("{FAE04EC0-301F-11D3-BF4B-00C04F79EFBC}") = "AcuteDocs.Web", "AcuteDocs.Web\AcuteDocs.Web.csproj", "{94967917-9A16-42CE-A01C-BD7C8FBB0C44}"
	ProjectSection(ProjectDependencies) = postProject
		{C4B1418A-874A-4CC9-8EC7-67AB95E538A0} = {C4B1418A-874A-4CC9-8EC7-67AB95E538A0}
	EndProjectSection
EndProject
Project("{FAE04EC0-301F-11D3-BF4B-00C04F79EFBC}") = "AcuteDocs.Client", "AcuteDocs.Client\AcuteDocs.Client.csproj", "{C4B1418A-874A-4CC9-8EC7-67AB95E538A0}"
EndProject
Project("{2150E333-8FDC-42A3-9474-1A3956D46DE8}") = ".nuget", ".nuget", "{9055F618-8D1A-476B-A2C6-EFE2FF738066}"
	ProjectSection(SolutionItems) = preProject
		.nuget\NuGet.Config = .nuget\NuGet.Config
		.nuget\NuGet.exe = .nuget\NuGet.exe
		.nuget\NuGet.targets = .nuget\NuGet.targets
	EndProjectSection
EndProject
Global
	GlobalSection(SolutionConfigurationPlatforms) = preSolution
		Debug|Any CPU = Debug|Any CPU
		Release|Any CPU = Release|Any CPU
	EndGlobalSection
	GlobalSection(ProjectConfigurationPlatforms) = postSolution
		{94967917-9A16-42CE-A01C-BD7C8FBB0C44}.Debug|Any CPU.ActiveCfg = Debug|Any CPU
		{94967917-9A16-42CE-A01C-BD7C8FBB0C44}.Debug|Any CPU.Build.0 = Debug|Any CPU
		{94967917-9A16-42CE-A01C-BD7C8FBB0C44}.Release|Any CPU.ActiveCfg = Release|Any CPU
		{94967917-9A16-42CE-A01C-BD7C8FBB0C44}.Release|Any CPU.Build.0 = Release|Any CPU
		{C4B1418A-874A-4CC9-8EC7-67AB95E538A0}.Debug|Any CPU.ActiveCfg = Debug|Any CPU
		{C4B1418A-874A-4CC9-8EC7-67AB95E538A0}.Debug|Any CPU.Build.0 = Debug|Any CPU
		{C4B1418A-874A-4CC9-8EC7-67AB95E538A0}.Release|Any CPU.ActiveCfg = Release|Any CPU
		{C4B1418A-874A-4CC9-8EC7-67AB95E538A0}.Release|Any CPU.Build.0 = Release|Any CPU
	EndGlobalSection
	GlobalSection(SolutionProperties) = preSolution
		HideSolutionNode = FALSE
	EndGlobalSection
EndGlobal
